<?xml version="1.0" encoding="UTF-8"?>
<Scheme
   LastUpgradeVersion = "2600"
   version = "1.7">
   <BuildAction
      parallelizeBuildables = "YES"
      buildImplicitDependencies = "YES"
      buildArchitectures = "Automatic">
      <BuildActionEntries>
         <BuildActionEntry
            buildForTesting = "YES"
            buildForRunning = "YES"
            buildForProfiling = "YES"
            buildForArchiving = "YES"
            buildForAnalyzing = "YES">
            <BuildableReference
               BuildableIdentifier = "primary"
               BlueprintIdentifier = "FD3561F11B827EE0008A70F6"
               BuildableName = "grep"
               BlueprintName = "grep"
               ReferencedContainer = "container:swift_text_cmds.xcodeproj">
            </BuildableReference>
         </BuildActionEntry>
      </BuildActionEntries>
   </BuildAction>
   <TestAction
      buildConfiguration = "Debug"
      selectedDebuggerIdentifier = "Xcode.DebuggerFoundation.Debugger.LLDB"
      selectedLauncherIdentifier = "Xcode.DebuggerFoundation.Launcher.LLDB"
      shouldUseLaunchSchemeArgsEnv = "YES">
      <TestPlans>
         <TestPlanReference
            reference = "container:Tests/grepTest/grep.xctestplan"
            default = "YES">
         </TestPlanReference>
      </TestPlans>
   </TestAction>
   <LaunchAction
      buildConfiguration = "Debug"
      selectedDebuggerIdentifier = "Xcode.DebuggerFoundation.Debugger.LLDB"
      selectedLauncherIdentifier = "Xcode.DebuggerFoundation.Launcher.LLDB"
      launchStyle = "0"
      useCustomWorkingDirectory = "NO"
      ignoresPersistentStateOnLaunch = "NO"
      debugDocumentVersioning = "YES"
      debugServiceExtension = "internal"
      allowLocationSimulation = "YES">
      <BuildableProductRunnable
         runnableDebuggingMode = "0">
         <BuildableReference
            BuildableIdentifier = "primary"
            BlueprintIdentifier = "FD3561F11B827EE0008A70F6"
            BuildableName = "grep"
            BlueprintName = "grep"
            ReferencedContainer = "container:swift_text_cmds.xcodeproj">
         </BuildableReference>
      </BuildableProductRunnable>
      <CommandLineArguments>
         <CommandLineArgument
            argument = "-Eo"
            isEnabled = "NO">
         </CommandLineArgument>
         <CommandLineArgument
            argument = "(^|:)0*"
            isEnabled = "NO">
         </CommandLineArgument>
         <CommandLineArgument
            argument = "-e baz"
            isEnabled = "NO">
         </CommandLineArgument>
         <CommandLineArgument
            argument = "-e Baz"
            isEnabled = "NO">
         </CommandLineArgument>
         <CommandLineArgument
            argument = "cde"
            isEnabled = "NO">
         </CommandLineArgument>
         <CommandLineArgument
            argument = "-r"
            isEnabled = "NO">
         </CommandLineArgument>
         <CommandLineArgument
            argument = "--exclude=*.out"
            isEnabled = "NO">
         </CommandLineArgument>
         <CommandLineArgument
            argument = "-e"
            isEnabled = "NO">
         </CommandLineArgument>
         <CommandLineArgument
            argument = "test"
            isEnabled = "NO">
         </CommandLineArgument>
         <CommandLineArgument
            argument = "-o"
            isEnabled = "NO">
         </CommandLineArgument>
         <CommandLineArgument
            argument = "-e"
            isEnabled = "NO">
         </CommandLineArgument>
         <CommandLineArgument
            argument = "M{1}"
            isEnabled = "NO">
         </CommandLineArgument>
         <CommandLineArgument
            argument = "/Users/r0ml/Desktop/patlist1"
            isEnabled = "NO">
         </CommandLineArgument>
         <CommandLineArgument
            argument = "/Users/r0ml/Desktop/target"
            isEnabled = "NO">
         </CommandLineArgument>
         <CommandLineArgument
            argument = "--mmap"
            isEnabled = "YES">
         </CommandLineArgument>
         <CommandLineArgument
            argument = "-oe"
            isEnabled = "YES">
         </CommandLineArgument>
         <CommandLineArgument
            argument = "B"
            isEnabled = "YES">
         </CommandLineArgument>
         <CommandLineArgument
            argument = "[A-Z]"
            isEnabled = "NO">
         </CommandLineArgument>
         <CommandLineArgument
            argument = "/Users/r0ml/Library/Developer/Xcode/DerivedData/swift_text_cmds-axootrlqbvsgureebrwhlofvdqjs/Build/Products/Debug/grepTest.xctest/Contents/Resources/d_oflag_zerolen_apple_f.in"
            isEnabled = "NO">
         </CommandLineArgument>
         <CommandLineArgument
            argument = "-E"
            isEnabled = "NO">
         </CommandLineArgument>
         <CommandLineArgument
            argument = "-C1"
            isEnabled = "NO">
         </CommandLineArgument>
         <CommandLineArgument
            argument = "(banana|monkey)"
            isEnabled = "NO">
         </CommandLineArgument>
         <CommandLineArgument
            argument = "-w"
            isEnabled = "NO">
         </CommandLineArgument>
         <CommandLineArgument
            argument = "separated"
            isEnabled = "NO">
         </CommandLineArgument>
         <CommandLineArgument
            argument = "-o"
            isEnabled = "NO">
         </CommandLineArgument>
         <CommandLineArgument
            argument = "x"
            isEnabled = "NO">
         </CommandLineArgument>
         <CommandLineArgument
            argument = "/Users/r0ml/Desktop/inFile"
            isEnabled = "YES">
         </CommandLineArgument>
         <CommandLineArgument
            argument = "bc"
            isEnabled = "NO">
         </CommandLineArgument>
         <CommandLineArgument
            argument = "-e"
            isEnabled = "NO">
         </CommandLineArgument>
         <CommandLineArgument
            argument = "ab"
            isEnabled = "NO">
         </CommandLineArgument>
         <CommandLineArgument
            argument = "/Users/r0ml/AppleOpenSource/swift_text_cmds/Tests/grepTest/Resources/d_oflag_zerolen_a.in"
            isEnabled = "NO">
         </CommandLineArgument>
      </CommandLineArguments>
   </LaunchAction>
   <ProfileAction
      buildConfiguration = "Release"
      shouldUseLaunchSchemeArgsEnv = "YES"
      savedToolIdentifier = ""
      useCustomWorkingDirectory = "NO"
      debugDocumentVersioning = "YES">
      <BuildableProductRunnable
         runnableDebuggingMode = "0">
         <BuildableReference
            BuildableIdentifier = "primary"
            BlueprintIdentifier = "FD3561F11B827EE0008A70F6"
            BuildableName = "grep"
            BlueprintName = "grep"
            ReferencedContainer = "container:swift_text_cmds.xcodeproj">
         </BuildableReference>
      </BuildableProductRunnable>
   </ProfileAction>
   <AnalyzeAction
      buildConfiguration = "Release">
   </AnalyzeAction>
   <ArchiveAction
      buildConfiguration = "Release"
      revealArchiveInOrganizer = "YES">
   </ArchiveAction>
</Scheme>
