<?xml version="1.0" encoding="UTF-8"?>
<Scheme
   LastUpgradeVersion = "1640"
   version = "1.7">
   <BuildAction
      parallelizeBuildables = "YES"
      buildImplicitDependencies = "YES"
      buildArchitectures = "Automatic">
      <BuildActionEntries>
         <BuildActionEntry
            buildForTesting = "YES"
            buildForRunning = "YES"
            buildForProfiling = "YES"
            buildForArchiving = "YES"
            buildForAnalyzing = "YES">
            <BuildableReference
               BuildableIdentifier = "primary"
               BlueprintIdentifier = "FC7A7D8C14986A450086576A"
               BuildableName = "sed"
               BlueprintName = "sed"
               ReferencedContainer = "container:swift_text_cmds.xcodeproj">
            </BuildableReference>
         </BuildActionEntry>
      </BuildActionEntries>
   </BuildAction>
   <TestAction
      buildConfiguration = "Debug"
      selectedDebuggerIdentifier = "Xcode.DebuggerFoundation.Debugger.LLDB"
      selectedLauncherIdentifier = "Xcode.DebuggerFoundation.Launcher.LLDB"
      shouldUseLaunchSchemeArgsEnv = "YES">
      <TestPlans>
         <TestPlanReference
            reference = "container:Tests/sedTest/sed.xctestplan"
            default = "YES">
         </TestPlanReference>
      </TestPlans>
   </TestAction>
   <LaunchAction
      buildConfiguration = "Debug"
      selectedDebuggerIdentifier = "Xcode.DebuggerFoundation.Debugger.LLDB"
      selectedLauncherIdentifier = "Xcode.DebuggerFoundation.Launcher.LLDB"
      launchStyle = "0"
      useCustomWorkingDirectory = "NO"
      ignoresPersistentStateOnLaunch = "NO"
      debugDocumentVersioning = "YES"
      debugServiceExtension = "internal"
      allowLocationSimulation = "YES">
      <BuildableProductRunnable
         runnableDebuggingMode = "0">
         <BuildableReference
            BuildableIdentifier = "primary"
            BlueprintIdentifier = "FC7A7D8C14986A450086576A"
            BuildableName = "sed"
            BlueprintName = "sed"
            ReferencedContainer = "container:swift_text_cmds.xcodeproj">
         </BuildableReference>
      </BuildableProductRunnable>
      <CommandLineArguments>
         <CommandLineArgument
            argument = "s/^/e1_/p"
            isEnabled = "NO">
         </CommandLineArgument>
         <CommandLineArgument
            argument = "-e"
            isEnabled = "NO">
         </CommandLineArgument>
         <CommandLineArgument
            argument = "&quot;3,12w lines4&quot;"
            isEnabled = "NO">
         </CommandLineArgument>
         <CommandLineArgument
            argument = "l"
            isEnabled = "NO">
         </CommandLineArgument>
         <CommandLineArgument
            argument = "-E"
            isEnabled = "NO">
         </CommandLineArgument>
         <CommandLineArgument
            argument = "s/[A-Z]*/\\`&amp;\\`/g"
            isEnabled = "NO">
         </CommandLineArgument>
         <CommandLineArgument
            argument = "2q"
            isEnabled = "NO">
         </CommandLineArgument>
         <CommandLineArgument
            argument = "/Users/r0ml/Library/Developer/Xcode/DerivedData/swift_text_cmds-dtzcnzzmaalndsfuhzjfrvoittcq/Build/Products/Debug/sedTest.xctest/Contents/Resources/hanoi.sed"
            isEnabled = "NO">
         </CommandLineArgument>
         <CommandLineArgument
            argument = "/Users/r0ml/AppleOpenSource/swift_text_cmds/Tests/sedTest/Resources/multi.1.1"
            isEnabled = "NO">
         </CommandLineArgument>
         <CommandLineArgument
            argument = "/Users/r0ml/Desktop/mmm"
            isEnabled = "NO">
         </CommandLineArgument>
         <CommandLineArgument
            argument = "-n"
            isEnabled = "YES">
         </CommandLineArgument>
         <CommandLineArgument
            argument = "l"
            isEnabled = "YES">
         </CommandLineArgument>
         <CommandLineArgument
            argument = "-e"
            isEnabled = "NO">
         </CommandLineArgument>
         <CommandLineArgument
            argument = "&quot;s,foo,bar,g&quot;"
            isEnabled = "NO">
         </CommandLineArgument>
         <CommandLineArgument
            argument = "/Users/r0ml/Desktop/inFile"
            isEnabled = "NO">
         </CommandLineArgument>
         <CommandLineArgument
            argument = "/Users/r0ml/Desktop/lines3"
            isEnabled = "YES">
         </CommandLineArgument>
      </CommandLineArguments>
      <EnvironmentVariables>
         <EnvironmentVariable
            key = "LC_CTYPE"
            value = "en_US.UTF-8"
            isEnabled = "YES">
         </EnvironmentVariable>
      </EnvironmentVariables>
   </LaunchAction>
   <ProfileAction
      buildConfiguration = "Release"
      shouldUseLaunchSchemeArgsEnv = "YES"
      savedToolIdentifier = ""
      useCustomWorkingDirectory = "NO"
      debugDocumentVersioning = "YES">
      <BuildableProductRunnable
         runnableDebuggingMode = "0">
         <BuildableReference
            BuildableIdentifier = "primary"
            BlueprintIdentifier = "FC7A7D8C14986A450086576A"
            BuildableName = "sed"
            BlueprintName = "sed"
            ReferencedContainer = "container:swift_text_cmds.xcodeproj">
         </BuildableReference>
      </BuildableProductRunnable>
   </ProfileAction>
   <AnalyzeAction
      buildConfiguration = "Release">
   </AnalyzeAction>
   <ArchiveAction
      buildConfiguration = "Release"
      revealArchiveInOrganizer = "YES">
   </ArchiveAction>
</Scheme>
